// !$*UTF8*$!
{
	archiveVersion = 1;
	classes = {
	};
	objectVersion = 46;
	objects = {

/* Begin PBXBuildFile section */
		A780C0001BF93BB90094CBBD /* MiscViewController.m in Sources */ = {isa = PBXBuildFile; fileRef = A780BFFF1BF93BB90094CBBD /* MiscViewController.m */; };
		A79B1DD51C02769B00923902 /* RegistrationViewController.m in Sources */ = {isa = PBXBuildFile; fileRef = A79B1DD41C02769B00923902 /* RegistrationViewController.m */; };
		A79B1DEB1C028AEE00923902 /* OwnedVehicles.m in Sources */ = {isa = PBXBuildFile; fileRef = A79B1DE11C028AEE00923902 /* OwnedVehicles.m */; };
		A79B1DEC1C028AEE00923902 /* Registration.m in Sources */ = {isa = PBXBuildFile; fileRef = A79B1DE41C028AEE00923902 /* Registration.m */; };
		A79B1DED1C028AEE00923902 /* RideSeeker.m in Sources */ = {isa = PBXBuildFile; fileRef = A79B1DE71C028AEE00923902 /* RideSeeker.m */; };
		A79B1DEE1C028AEE00923902 /* Volunteer.m in Sources */ = {isa = PBXBuildFile; fileRef = A79B1DEA1C028AEE00923902 /* Volunteer.m */; };
		A7D6075F1BDD866000FA0E9A /* main.m in Sources */ = {isa = PBXBuildFile; fileRef = A7D6075E1BDD866000FA0E9A /* main.m */; };
		A7D607621BDD866000FA0E9A /* AppDelegate.m in Sources */ = {isa = PBXBuildFile; fileRef = A7D607611BDD866000FA0E9A /* AppDelegate.m */; };
		A7D607681BDD866000FA0E9A /* Main.storyboard in Resources */ = {isa = PBXBuildFile; fileRef = A7D607661BDD866000FA0E9A /* Main.storyboard */; };
		A7D6076A1BDD866000FA0E9A /* Assets.xcassets in Resources */ = {isa = PBXBuildFile; fileRef = A7D607691BDD866000FA0E9A /* Assets.xcassets */; };
		A7D6076D1BDD866000FA0E9A /* LaunchScreen.storyboard in Resources */ = {isa = PBXBuildFile; fileRef = A7D6076B1BDD866000FA0E9A /* LaunchScreen.storyboard */; };
		A7D607781BDD866000FA0E9A /* VoluteeRideTests.m in Sources */ = {isa = PBXBuildFile; fileRef = A7D607771BDD866000FA0E9A /* VoluteeRideTests.m */; };
		A7D607831BDD866000FA0E9A /* VoluteeRideUITests.m in Sources */ = {isa = PBXBuildFile; fileRef = A7D607821BDD866000FA0E9A /* VoluteeRideUITests.m */; };
		A7FE69C21BF963EE0028C9F4 /* LoginTableViewController.m in Sources */ = {isa = PBXBuildFile; fileRef = A7FE69C11BF963EE0028C9F4 /* LoginTableViewController.m */; };
		D518B0D88AFAC9DC9310B271 /* Pods_VoluteeRide.framework in Frameworks */ = {isa = PBXBuildFile; fileRef = D1C86F68351F388604ACFCCB /* Pods_VoluteeRide.framework */; };
/* End PBXBuildFile section */

/* Begin PBXContainerItemProxy section */
		A7D607741BDD866000FA0E9A /* PBXContainerItemProxy */ = {
			isa = PBXContainerItemProxy;
			containerPortal = A7D607521BDD866000FA0E9A /* Project object */;
			proxyType = 1;
			remoteGlobalIDString = A7D607591BDD866000FA0E9A;
			remoteInfo = VoluteeRide;
		};
		A7D6077F1BDD866000FA0E9A /* PBXContainerItemProxy */ = {
			isa = PBXContainerItemProxy;
			containerPortal = A7D607521BDD866000FA0E9A /* Project object */;
			proxyType = 1;
			remoteGlobalIDString = A7D607591BDD866000FA0E9A;
			remoteInfo = VoluteeRide;
		};
/* End PBXContainerItemProxy section */

/* Begin PBXFileReference section */
		A780BFFE1BF93BB90094CBBD /* MiscViewController.h */ = {isa = PBXFileReference; fileEncoding = 4; lastKnownFileType = sourcecode.c.h; path = MiscViewController.h; sourceTree = "<group>"; };
		A780BFFF1BF93BB90094CBBD /* MiscViewController.m */ = {isa = PBXFileReference; fileEncoding = 4; lastKnownFileType = sourcecode.c.objc; path = MiscViewController.m; sourceTree = "<group>"; };
		A79B1DD31C02769B00923902 /* RegistrationViewController.h */ = {isa = PBXFileReference; fileEncoding = 4; lastKnownFileType = sourcecode.c.h; path = RegistrationViewController.h; sourceTree = "<group>"; };
		A79B1DD41C02769B00923902 /* RegistrationViewController.m */ = {isa = PBXFileReference; fileEncoding = 4; lastKnownFileType = sourcecode.c.objc; path = RegistrationViewController.m; sourceTree = "<group>"; };
		A79B1DE01C028AEE00923902 /* OwnedVehicles.h */ = {isa = PBXFileReference; fileEncoding = 4; lastKnownFileType = sourcecode.c.h; path = OwnedVehicles.h; sourceTree = "<group>"; };
		A79B1DE11C028AEE00923902 /* OwnedVehicles.m */ = {isa = PBXFileReference; fileEncoding = 4; lastKnownFileType = sourcecode.c.objc; path = OwnedVehicles.m; sourceTree = "<group>"; };
		A79B1DE31C028AEE00923902 /* Registration.h */ = {isa = PBXFileReference; fileEncoding = 4; lastKnownFileType = sourcecode.c.h; path = Registration.h; sourceTree = "<group>"; };
		A79B1DE41C028AEE00923902 /* Registration.m */ = {isa = PBXFileReference; fileEncoding = 4; lastKnownFileType = sourcecode.c.objc; path = Registration.m; sourceTree = "<group>"; };
		A79B1DE61C028AEE00923902 /* RideSeeker.h */ = {isa = PBXFileReference; fileEncoding = 4; lastKnownFileType = sourcecode.c.h; path = RideSeeker.h; sourceTree = "<group>"; };
		A79B1DE71C028AEE00923902 /* RideSeeker.m */ = {isa = PBXFileReference; fileEncoding = 4; lastKnownFileType = sourcecode.c.objc; path = RideSeeker.m; sourceTree = "<group>"; };
		A79B1DE91C028AEE00923902 /* Volunteer.h */ = {isa = PBXFileReference; fileEncoding = 4; lastKnownFileType = sourcecode.c.h; path = Volunteer.h; sourceTree = "<group>"; };
		A79B1DEA1C028AEE00923902 /* Volunteer.m */ = {isa = PBXFileReference; fileEncoding = 4; lastKnownFileType = sourcecode.c.objc; path = Volunteer.m; sourceTree = "<group>"; };
		A7D6075A1BDD866000FA0E9A /* VoluteeRide.app */ = {isa = PBXFileReference; explicitFileType = wrapper.application; includeInIndex = 0; path = VoluteeRide.app; sourceTree = BUILT_PRODUCTS_DIR; };
		A7D6075E1BDD866000FA0E9A /* main.m */ = {isa = PBXFileReference; lastKnownFileType = sourcecode.c.objc; path = main.m; sourceTree = "<group>"; };
		A7D607601BDD866000FA0E9A /* AppDelegate.h */ = {isa = PBXFileReference; lastKnownFileType = sourcecode.c.h; path = AppDelegate.h; sourceTree = "<group>"; };
		A7D607611BDD866000FA0E9A /* AppDelegate.m */ = {isa = PBXFileReference; lastKnownFileType = sourcecode.c.objc; path = AppDelegate.m; sourceTree = "<group>"; };
		A7D607671BDD866000FA0E9A /* Base */ = {isa = PBXFileReference; lastKnownFileType = file.storyboard; name = Base; path = Base.lproj/Main.storyboard; sourceTree = "<group>"; };
		A7D607691BDD866000FA0E9A /* Assets.xcassets */ = {isa = PBXFileReference; lastKnownFileType = folder.assetcatalog; path = Assets.xcassets; sourceTree = "<group>"; };
		A7D6076C1BDD866000FA0E9A /* Base */ = {isa = PBXFileReference; lastKnownFileType = file.storyboard; name = Base; path = Base.lproj/LaunchScreen.storyboard; sourceTree = "<group>"; };
		A7D6076E1BDD866000FA0E9A /* Info.plist */ = {isa = PBXFileReference; lastKnownFileType = text.plist.xml; path = Info.plist; sourceTree = "<group>"; };
		A7D607731BDD866000FA0E9A /* VoluteeRideTests.xctest */ = {isa = PBXFileReference; explicitFileType = wrapper.cfbundle; includeInIndex = 0; path = VoluteeRideTests.xctest; sourceTree = BUILT_PRODUCTS_DIR; };
		A7D607771BDD866000FA0E9A /* VoluteeRideTests.m */ = {isa = PBXFileReference; lastKnownFileType = sourcecode.c.objc; path = VoluteeRideTests.m; sourceTree = "<group>"; };
		A7D607791BDD866000FA0E9A /* Info.plist */ = {isa = PBXFileReference; lastKnownFileType = text.plist.xml; path = Info.plist; sourceTree = "<group>"; };
		A7D6077E1BDD866000FA0E9A /* VoluteeRideUITests.xctest */ = {isa = PBXFileReference; explicitFileType = wrapper.cfbundle; includeInIndex = 0; path = VoluteeRideUITests.xctest; sourceTree = BUILT_PRODUCTS_DIR; };
		A7D607821BDD866000FA0E9A /* VoluteeRideUITests.m */ = {isa = PBXFileReference; lastKnownFileType = sourcecode.c.objc; path = VoluteeRideUITests.m; sourceTree = "<group>"; };
		A7D607841BDD866000FA0E9A /* Info.plist */ = {isa = PBXFileReference; lastKnownFileType = text.plist.xml; path = Info.plist; sourceTree = "<group>"; };
		A7FE69C01BF963EE0028C9F4 /* LoginTableViewController.h */ = {isa = PBXFileReference; fileEncoding = 4; lastKnownFileType = sourcecode.c.h; path = LoginTableViewController.h; sourceTree = "<group>"; };
		A7FE69C11BF963EE0028C9F4 /* LoginTableViewController.m */ = {isa = PBXFileReference; fileEncoding = 4; lastKnownFileType = sourcecode.c.objc; path = LoginTableViewController.m; sourceTree = "<group>"; };
		B88456F079C074B15FAF4B9F /* Pods-VoluteeRide.release.xcconfig */ = {isa = PBXFileReference; includeInIndex = 1; lastKnownFileType = text.xcconfig; name = "Pods-VoluteeRide.release.xcconfig"; path = "Pods/Target Support Files/Pods-VoluteeRide/Pods-VoluteeRide.release.xcconfig"; sourceTree = "<group>"; };
		C387026B6A6641CA9B733ACD /* Pods-VoluteeRide.debug.xcconfig */ = {isa = PBXFileReference; includeInIndex = 1; lastKnownFileType = text.xcconfig; name = "Pods-VoluteeRide.debug.xcconfig"; path = "Pods/Target Support Files/Pods-VoluteeRide/Pods-VoluteeRide.debug.xcconfig"; sourceTree = "<group>"; };
		D1C86F68351F388604ACFCCB /* Pods_VoluteeRide.framework */ = {isa = PBXFileReference; explicitFileType = wrapper.framework; includeInIndex = 0; path = Pods_VoluteeRide.framework; sourceTree = BUILT_PRODUCTS_DIR; };
/* End PBXFileReference section */

/* Begin PBXFrameworksBuildPhase section */
		A7D607571BDD866000FA0E9A /* Frameworks */ = {
			isa = PBXFrameworksBuildPhase;
			buildActionMask = 2147483647;
			files = (
				D518B0D88AFAC9DC9310B271 /* Pods_VoluteeRide.framework in Frameworks */,
			);
			runOnlyForDeploymentPostprocessing = 0;
		};
		A7D607701BDD866000FA0E9A /* Frameworks */ = {
			isa = PBXFrameworksBuildPhase;
			buildActionMask = 2147483647;
			files = (
			);
			runOnlyForDeploymentPostprocessing = 0;
		};
		A7D6077B1BDD866000FA0E9A /* Frameworks */ = {
			isa = PBXFrameworksBuildPhase;
			buildActionMask = 2147483647;
			files = (
			);
			runOnlyForDeploymentPostprocessing = 0;
		};
/* End PBXFrameworksBuildPhase section */

/* Begin PBXGroup section */
		A79B1DDE1C028AEE00923902 /* Model */ = {
			isa = PBXGroup;
			children = (
				A79B1DDF1C028AEE00923902 /* OwnedVehicles */,
				A79B1DE21C028AEE00923902 /* Registration */,
				A79B1DE51C028AEE00923902 /* RideSeeker */,
				A79B1DE81C028AEE00923902 /* Volunteer */,
			);
			name = Model;
			path = VoluteeRide/Model;
			sourceTree = "<group>";
		};
		A79B1DDF1C028AEE00923902 /* OwnedVehicles */ = {
			isa = PBXGroup;
			children = (
				A79B1DE01C028AEE00923902 /* OwnedVehicles.h */,
				A79B1DE11C028AEE00923902 /* OwnedVehicles.m */,
			);
			path = OwnedVehicles;
			sourceTree = "<group>";
		};
		A79B1DE21C028AEE00923902 /* Registration */ = {
			isa = PBXGroup;
			children = (
				A79B1DE31C028AEE00923902 /* Registration.h */,
				A79B1DE41C028AEE00923902 /* Registration.m */,
			);
			path = Registration;
			sourceTree = "<group>";
		};
		A79B1DE51C028AEE00923902 /* RideSeeker */ = {
			isa = PBXGroup;
			children = (
				A79B1DE61C028AEE00923902 /* RideSeeker.h */,
				A79B1DE71C028AEE00923902 /* RideSeeker.m */,
			);
			path = RideSeeker;
			sourceTree = "<group>";
		};
		A79B1DE81C028AEE00923902 /* Volunteer */ = {
			isa = PBXGroup;
			children = (
				A79B1DE91C028AEE00923902 /* Volunteer.h */,
				A79B1DEA1C028AEE00923902 /* Volunteer.m */,
			);
			path = Volunteer;
			sourceTree = "<group>";
		};
		A7D607511BDD866000FA0E9A = {
			isa = PBXGroup;
			children = (
				A7D607931BDDBE1500FA0E9A /* ViewControllers */,
				A79B1DDE1C028AEE00923902 /* Model */,
				A7D6075C1BDD866000FA0E9A /* VoluteeRide */,
				A7D607761BDD866000FA0E9A /* VoluteeRideTests */,
				A7D607811BDD866000FA0E9A /* VoluteeRideUITests */,
				A7D6075B1BDD866000FA0E9A /* Products */,
				B7850A7757E86FBDA8F1B5C6 /* Pods */,
				B925F1A43082287B0502671D /* Frameworks */,
			);
			sourceTree = "<group>";
		};
		A7D6075B1BDD866000FA0E9A /* Products */ = {
			isa = PBXGroup;
			children = (
				A7D6075A1BDD866000FA0E9A /* VoluteeRide.app */,
				A7D607731BDD866000FA0E9A /* VoluteeRideTests.xctest */,
				A7D6077E1BDD866000FA0E9A /* VoluteeRideUITests.xctest */,
			);
			name = Products;
			sourceTree = "<group>";
		};
		A7D6075C1BDD866000FA0E9A /* VoluteeRide */ = {
			isa = PBXGroup;
			children = (
				A7D607601BDD866000FA0E9A /* AppDelegate.h */,
				A7D607611BDD866000FA0E9A /* AppDelegate.m */,
				A7D607661BDD866000FA0E9A /* Main.storyboard */,
				A7D607691BDD866000FA0E9A /* Assets.xcassets */,
				A7D6076B1BDD866000FA0E9A /* LaunchScreen.storyboard */,
				A7D6076E1BDD866000FA0E9A /* Info.plist */,
				A7D6075D1BDD866000FA0E9A /* Supporting Files */,
			);
			path = VoluteeRide;
			sourceTree = "<group>";
		};
		A7D6075D1BDD866000FA0E9A /* Supporting Files */ = {
			isa = PBXGroup;
			children = (
				A7D6075E1BDD866000FA0E9A /* main.m */,
			);
			name = "Supporting Files";
			sourceTree = "<group>";
		};
		A7D607761BDD866000FA0E9A /* VoluteeRideTests */ = {
			isa = PBXGroup;
			children = (
				A7D607771BDD866000FA0E9A /* VoluteeRideTests.m */,
				A7D607791BDD866000FA0E9A /* Info.plist */,
			);
			path = VoluteeRideTests;
			sourceTree = "<group>";
		};
		A7D607811BDD866000FA0E9A /* VoluteeRideUITests */ = {
			isa = PBXGroup;
			children = (
				A7D607821BDD866000FA0E9A /* VoluteeRideUITests.m */,
				A7D607841BDD866000FA0E9A /* Info.plist */,
			);
			path = VoluteeRideUITests;
			sourceTree = "<group>";
		};
		A7D607931BDDBE1500FA0E9A /* ViewControllers */ = {
			isa = PBXGroup;
			children = (
				A780BFFE1BF93BB90094CBBD /* MiscViewController.h */,
				A780BFFF1BF93BB90094CBBD /* MiscViewController.m */,
				A7FE69C01BF963EE0028C9F4 /* LoginTableViewController.h */,
				A7FE69C11BF963EE0028C9F4 /* LoginTableViewController.m */,
				A79B1DD31C02769B00923902 /* RegistrationViewController.h */,
				A79B1DD41C02769B00923902 /* RegistrationViewController.m */,
			);
			name = ViewControllers;
			path = VoluteeRide/ViewControllers;
			sourceTree = "<group>";
		};
		B7850A7757E86FBDA8F1B5C6 /* Pods */ = {
			isa = PBXGroup;
			children = (
				C387026B6A6641CA9B733ACD /* Pods-VoluteeRide.debug.xcconfig */,
				B88456F079C074B15FAF4B9F /* Pods-VoluteeRide.release.xcconfig */,
			);
			name = Pods;
			sourceTree = "<group>";
		};
		B925F1A43082287B0502671D /* Frameworks */ = {
			isa = PBXGroup;
			children = (
				D1C86F68351F388604ACFCCB /* Pods_VoluteeRide.framework */,
			);
			name = Frameworks;
			sourceTree = "<group>";
		};
/* End PBXGroup section */

/* Begin PBXNativeTarget section */
		A7D607591BDD866000FA0E9A /* VoluteeRide */ = {
			isa = PBXNativeTarget;
			buildConfigurationList = A7D607871BDD866000FA0E9A /* Build configuration list for PBXNativeTarget "VoluteeRide" */;
			buildPhases = (
				1B4399C8C591387B031F1AEB /* Check Pods Manifest.lock */,
				A7D607561BDD866000FA0E9A /* Sources */,
				A7D607571BDD866000FA0E9A /* Frameworks */,
				A7D607581BDD866000FA0E9A /* Resources */,
				90F92F1D2633452EB4C3E68C /* Embed Pods Frameworks */,
				97A5C1E98964AE132018EEF1 /* Copy Pods Resources */,
			);
			buildRules = (
			);
			dependencies = (
			);
			name = VoluteeRide;
			productName = VoluteeRide;
			productReference = A7D6075A1BDD866000FA0E9A /* VoluteeRide.app */;
			productType = "com.apple.product-type.application";
		};
		A7D607721BDD866000FA0E9A /* VoluteeRideTests */ = {
			isa = PBXNativeTarget;
			buildConfigurationList = A7D6078A1BDD866000FA0E9A /* Build configuration list for PBXNativeTarget "VoluteeRideTests" */;
			buildPhases = (
				A7D6076F1BDD866000FA0E9A /* Sources */,
				A7D607701BDD866000FA0E9A /* Frameworks */,
				A7D607711BDD866000FA0E9A /* Resources */,
			);
			buildRules = (
			);
			dependencies = (
				A7D607751BDD866000FA0E9A /* PBXTargetDependency */,
			);
			name = VoluteeRideTests;
			productName = VoluteeRideTests;
			productReference = A7D607731BDD866000FA0E9A /* VoluteeRideTests.xctest */;
			productType = "com.apple.product-type.bundle.unit-test";
		};
		A7D6077D1BDD866000FA0E9A /* VoluteeRideUITests */ = {
			isa = PBXNativeTarget;
			buildConfigurationList = A7D6078D1BDD866000FA0E9A /* Build configuration list for PBXNativeTarget "VoluteeRideUITests" */;
			buildPhases = (
				A7D6077A1BDD866000FA0E9A /* Sources */,
				A7D6077B1BDD866000FA0E9A /* Frameworks */,
				A7D6077C1BDD866000FA0E9A /* Resources */,
			);
			buildRules = (
			);
			dependencies = (
				A7D607801BDD866000FA0E9A /* PBXTargetDependency */,
			);
			name = VoluteeRideUITests;
			productName = VoluteeRideUITests;
			productReference = A7D6077E1BDD866000FA0E9A /* VoluteeRideUITests.xctest */;
			productType = "com.apple.product-type.bundle.ui-testing";
		};
/* End PBXNativeTarget section */

/* Begin PBXProject section */
		A7D607521BDD866000FA0E9A /* Project object */ = {
			isa = PBXProject;
			attributes = {
				LastUpgradeCheck = 0710;
				ORGANIZATIONNAME = "Karim Abdul";
				TargetAttributes = {
					A7D607591BDD866000FA0E9A = {
						CreatedOnToolsVersion = 7.1;
					};
					A7D607721BDD866000FA0E9A = {
						CreatedOnToolsVersion = 7.1;
						TestTargetID = A7D607591BDD866000FA0E9A;
					};
					A7D6077D1BDD866000FA0E9A = {
						CreatedOnToolsVersion = 7.1;
						TestTargetID = A7D607591BDD866000FA0E9A;
					};
				};
			};
			buildConfigurationList = A7D607551BDD866000FA0E9A /* Build configuration list for PBXProject "VoluteeRide" */;
			compatibilityVersion = "Xcode 3.2";
			developmentRegion = English;
			hasScannedForEncodings = 0;
			knownRegions = (
				en,
				Base,
			);
			mainGroup = A7D607511BDD866000FA0E9A;
			productRefGroup = A7D6075B1BDD866000FA0E9A /* Products */;
			projectDirPath = "";
			projectRoot = "";
			targets = (
				A7D607591BDD866000FA0E9A /* VoluteeRide */,
				A7D607721BDD866000FA0E9A /* VoluteeRideTests */,
				A7D6077D1BDD866000FA0E9A /* VoluteeRideUITests */,
			);
		};
/* End PBXProject section */

/* Begin PBXResourcesBuildPhase section */
		A7D607581BDD866000FA0E9A /* Resources */ = {
			isa = PBXResourcesBuildPhase;
			buildActionMask = 2147483647;
			files = (
				A7D6076D1BDD866000FA0E9A /* LaunchScreen.storyboard in Resources */,
				A7D6076A1BDD866000FA0E9A /* Assets.xcassets in Resources */,
				A7D607681BDD866000FA0E9A /* Main.storyboard in Resources */,
			);
			runOnlyForDeploymentPostprocessing = 0;
		};
		A7D607711BDD866000FA0E9A /* Resources */ = {
			isa = PBXResourcesBuildPhase;
			buildActionMask = 2147483647;
			files = (
			);
			runOnlyForDeploymentPostprocessing = 0;
		};
		A7D6077C1BDD866000FA0E9A /* Resources */ = {
			isa = PBXResourcesBuildPhase;
			buildActionMask = 2147483647;
			files = (
			);
			runOnlyForDeploymentPostprocessing = 0;
		};
/* End PBXResourcesBuildPhase section */

/* Begin PBXShellScriptBuildPhase section */
		1B4399C8C591387B031F1AEB /* Check Pods Manifest.lock */ = {
			isa = PBXShellScriptBuildPhase;
			buildActionMask = 2147483647;
			files = (
			);
			inputPaths = (
			);
			name = "Check Pods Manifest.lock";
			outputPaths = (
			);
			runOnlyForDeploymentPostprocessing = 0;
			shellPath = /bin/sh;
			shellScript = "diff \"${PODS_ROOT}/../Podfile.lock\" \"${PODS_ROOT}/Manifest.lock\" > /dev/null\nif [[ $? != 0 ]] ; then\n    cat << EOM\nerror: The sandbox is not in sync with the Podfile.lock. Run 'pod install' or update your CocoaPods installation.\nEOM\n    exit 1\nfi\n";
			showEnvVarsInLog = 0;
		};
		90F92F1D2633452EB4C3E68C /* Embed Pods Frameworks */ = {
			isa = PBXShellScriptBuildPhase;
			buildActionMask = 2147483647;
			files = (
			);
			inputPaths = (
			);
			name = "Embed Pods Frameworks";
			outputPaths = (
			);
			runOnlyForDeploymentPostprocessing = 0;
			shellPath = /bin/sh;
			shellScript = "\"${SRCROOT}/Pods/Target Support Files/Pods-VoluteeRide/Pods-VoluteeRide-frameworks.sh\"\n";
			showEnvVarsInLog = 0;
		};
		97A5C1E98964AE132018EEF1 /* Copy Pods Resources */ = {
			isa = PBXShellScriptBuildPhase;
			buildActionMask = 2147483647;
			files = (
			);
			inputPaths = (
			);
			name = "Copy Pods Resources";
			outputPaths = (
			);
			runOnlyForDeploymentPostprocessing = 0;
			shellPath = /bin/sh;
			shellScript = "\"${SRCROOT}/Pods/Target Support Files/Pods-VoluteeRide/Pods-VoluteeRide-resources.sh\"\n";
			showEnvVarsInLog = 0;
		};
/* End PBXShellScriptBuildPhase section */

/* Begin PBXSourcesBuildPhase section */
		A7D607561BDD866000FA0E9A /* Sources */ = {
			isa = PBXSourcesBuildPhase;
			buildActionMask = 2147483647;
			files = (
				A79B1DEB1C028AEE00923902 /* OwnedVehicles.m in Sources */,
				A7FE69C21BF963EE0028C9F4 /* LoginTableViewController.m in Sources */,
				A79B1DED1C028AEE00923902 /* RideSeeker.m in Sources */,
				A79B1DEC1C028AEE00923902 /* Registration.m in Sources */,
				A7D607621BDD866000FA0E9A /* AppDelegate.m in Sources */,
				A79B1DEE1C028AEE00923902 /* Volunteer.m in Sources */,
				A79B1DD51C02769B00923902 /* RegistrationViewController.m in Sources */,
				A7D6075F1BDD866000FA0E9A /* main.m in Sources */,
				A780C0001BF93BB90094CBBD /* MiscViewController.m in Sources */,
			);
			runOnlyForDeploymentPostprocessing = 0;
		};
		A7D6076F1BDD866000FA0E9A /* Sources */ = {
			isa = PBXSourcesBuildPhase;
			buildActionMask = 2147483647;
			files = (
				A7D607781BDD866000FA0E9A /* VoluteeRideTests.m in Sources */,
			);
			runOnlyForDeploymentPostprocessing = 0;
		};
		A7D6077A1BDD866000FA0E9A /* Sources */ = {
			isa = PBXSourcesBuildPhase;
			buildActionMask = 2147483647;
			files = (
				A7D607831BDD866000FA0E9A /* VoluteeRideUITests.m in Sources */,
			);
			runOnlyForDeploymentPostprocessing = 0;
		};
/* End PBXSourcesBuildPhase section */

/* Begin PBXTargetDependency section */
		A7D607751BDD866000FA0E9A /* PBXTargetDependency */ = {
			isa = PBXTargetDependency;
			target = A7D607591BDD866000FA0E9A /* VoluteeRide */;
			targetProxy = A7D607741BDD866000FA0E9A /* PBXContainerItemProxy */;
		};
		A7D607801BDD866000FA0E9A /* PBXTargetDependency */ = {
			isa = PBXTargetDependency;
			target = A7D607591BDD866000FA0E9A /* VoluteeRide */;
			targetProxy = A7D6077F1BDD866000FA0E9A /* PBXContainerItemProxy */;
		};
/* End PBXTargetDependency section */

/* Begin PBXVariantGroup section */
		A7D607661BDD866000FA0E9A /* Main.storyboard */ = {
			isa = PBXVariantGroup;
			children = (
				A7D607671BDD866000FA0E9A /* Base */,
			);
			name = Main.storyboard;
			sourceTree = "<group>";
		};
		A7D6076B1BDD866000FA0E9A /* LaunchScreen.storyboard */ = {
			isa = PBXVariantGroup;
			children = (
				A7D6076C1BDD866000FA0E9A /* Base */,
			);
			name = LaunchScreen.storyboard;
			sourceTree = "<group>";
		};
/* End PBXVariantGroup section */

/* Begin XCBuildConfiguration section */
		A7D607851BDD866000FA0E9A /* Debug */ = {
			isa = XCBuildConfiguration;
			buildSettings = {
				ALWAYS_SEARCH_USER_PATHS = NO;
				CLANG_CXX_LANGUAGE_STANDARD = "gnu++0x";
				CLANG_CXX_LIBRARY = "libc++";
				CLANG_ENABLE_MODULES = YES;
				CLANG_ENABLE_OBJC_ARC = YES;
				CLANG_WARN_BOOL_CONVERSION = YES;
				CLANG_WARN_CONSTANT_CONVERSION = YES;
				CLANG_WARN_DIRECT_OBJC_ISA_USAGE = YES_ERROR;
				CLANG_WARN_EMPTY_BODY = YES;
				CLANG_WARN_ENUM_CONVERSION = YES;
				CLANG_WARN_INT_CONVERSION = YES;
				CLANG_WARN_OBJC_ROOT_CLASS = YES_ERROR;
				CLANG_WARN_UNREACHABLE_CODE = YES;
				CLANG_WARN__DUPLICATE_METHOD_MATCH = YES;
				"CODE_SIGN_IDENTITY[sdk=iphoneos*]" = "iPhone Developer";
				COPY_PHASE_STRIP = NO;
				DEBUG_INFORMATION_FORMAT = dwarf;
				ENABLE_STRICT_OBJC_MSGSEND = YES;
				ENABLE_TESTABILITY = YES;
				GCC_C_LANGUAGE_STANDARD = gnu99;
				GCC_DYNAMIC_NO_PIC = NO;
				GCC_NO_COMMON_BLOCKS = YES;
				GCC_OPTIMIZATION_LEVEL = 0;
				GCC_PREPROCESSOR_DEFINITIONS = (
					"DEBUG=1",
					"$(inherited)",
				);
				GCC_WARN_64_TO_32_BIT_CONVERSION = YES;
				GCC_WARN_ABOUT_RETURN_TYPE = YES_ERROR;
				GCC_WARN_UNDECLARED_SELECTOR = YES;
				GCC_WARN_UNINITIALIZED_AUTOS = YES_AGGRESSIVE;
				GCC_WARN_UNUSED_FUNCTION = YES;
				GCC_WARN_UNUSED_VARIABLE = YES;
				IPHONEOS_DEPLOYMENT_TARGET = 9.1;
				MTL_ENABLE_DEBUG_INFO = YES;
				ONLY_ACTIVE_ARCH = YES;
				SDKROOT = iphoneos;
				TARGETED_DEVICE_FAMILY = "1,2";
			};
			name = Debug;
		};
		A7D607861BDD866000FA0E9A /* Release */ = {
			isa = XCBuildConfiguration;
			buildSettings = {
				ALWAYS_SEARCH_USER_PATHS = NO;
				CLANG_CXX_LANGUAGE_STANDARD = "gnu++0x";
				CLANG_CXX_LIBRARY = "libc++";
				CLANG_ENABLE_MODULES = YES;
				CLANG_ENABLE_OBJC_ARC = YES;
				CLANG_WARN_BOOL_CONVERSION = YES;
				CLANG_WARN_CONSTANT_CONVERSION = YES;
				CLANG_WARN_DIRECT_OBJC_ISA_USAGE = YES_ERROR;
				CLANG_WARN_EMPTY_BODY = YES;
				CLANG_WARN_ENUM_CONVERSION = YES;
				CLANG_WARN_INT_CONVERSION = YES;
				CLANG_WARN_OBJC_ROOT_CLASS = YES_ERROR;
				CLANG_WARN_UNREACHABLE_CODE = YES;
				CLANG_WARN__DUPLICATE_METHOD_MATCH = YES;
				"CODE_SIGN_IDENTITY[sdk=iphoneos*]" = "iPhone Developer";
				COPY_PHASE_STRIP = NO;
				DEBUG_INFORMATION_FORMAT = "dwarf-with-dsym";
				ENABLE_NS_ASSERTIONS = NO;
				ENABLE_STRICT_OBJC_MSGSEND = YES;
				GCC_C_LANGUAGE_STANDARD = gnu99;
				GCC_NO_COMMON_BLOCKS = YES;
				GCC_WARN_64_TO_32_BIT_CONVERSION = YES;
				GCC_WARN_ABOUT_RETURN_TYPE = YES_ERROR;
				GCC_WARN_UNDECLARED_SELECTOR = YES;
				GCC_WARN_UNINITIALIZED_AUTOS = YES_AGGRESSIVE;
				GCC_WARN_UNUSED_FUNCTION = YES;
				GCC_WARN_UNUSED_VARIABLE = YES;
				IPHONEOS_DEPLOYMENT_TARGET = 9.1;
				MTL_ENABLE_DEBUG_INFO = NO;
				SDKROOT = iphoneos;
				TARGETED_DEVICE_FAMILY = "1,2";
				VALIDATE_PRODUCT = YES;
			};
			name = Release;
		};
		A7D607881BDD866000FA0E9A /* Debug */ = {
			isa = XCBuildConfiguration;
			baseConfigurationReference = C387026B6A6641CA9B733ACD /* Pods-VoluteeRide.debug.xcconfig */;
			buildSettings = {
				ASSETCATALOG_COMPILER_APPICON_NAME = AppIcon;
				INFOPLIST_FILE = VoluteeRide/Info.plist;
				LD_RUNPATH_SEARCH_PATHS = "$(inherited) @executable_path/Frameworks";
				PRODUCT_BUNDLE_IDENTIFIER = com.unicorn.VoluteeRide;
				PRODUCT_NAME = "$(TARGET_NAME)";
				PROVISIONING_PROFILE = "42aec482-de3a-4f19-a3fa-95b91e7afac4";
			};
			name = Debug;
		};
		A7D607891BDD866000FA0E9A /* Release */ = {
			isa = XCBuildConfiguration;
			baseConfigurationReference = B88456F079C074B15FAF4B9F /* Pods-VoluteeRide.release.xcconfig */;
			buildSettings = {
				ASSETCATALOG_COMPILER_APPICON_NAME = AppIcon;
				INFOPLIST_FILE = VoluteeRide/Info.plist;
				LD_RUNPATH_SEARCH_PATHS = "$(inherited) @executable_path/Frameworks";
				PRODUCT_BUNDLE_IDENTIFIER = com.unicorn.VoluteeRide;
				PRODUCT_NAME = "$(TARGET_NAME)";
				PROVISIONING_PROFILE = "42aec482-de3a-4f19-a3fa-95b91e7afac4";
			};
			name = Release;
		};
		A7D6078B1BDD866000FA0E9A /* Debug */ = {
			isa = XCBuildConfiguration;
			buildSettings = {
				BUNDLE_LOADER = "$(TEST_HOST)";
				INFOPLIST_FILE = VoluteeRideTests/Info.plist;
				LD_RUNPATH_SEARCH_PATHS = "$(inherited) @executable_path/Frameworks @loader_path/Frameworks";
				PRODUCT_BUNDLE_IDENTIFIER = com.unicorn.VoluteeRideTests;
				PRODUCT_NAME = "$(TARGET_NAME)";
				TEST_HOST = "$(BUILT_PRODUCTS_DIR)/VoluteeRide.app/VoluteeRide";
			};
			name = Debug;
		};
		A7D6078C1BDD866000FA0E9A /* Release */ = {
			isa = XCBuildConfiguration;
			buildSettings = {
				BUNDLE_LOADER = "$(TEST_HOST)";
				INFOPLIST_FILE = VoluteeRideTests/Info.plist;
				LD_RUNPATH_SEARCH_PATHS = "$(inherited) @executable_path/Frameworks @loader_path/Frameworks";
				PRODUCT_BUNDLE_IDENTIFIER = com.unicorn.VoluteeRideTests;
				PRODUCT_NAME = "$(TARGET_NAME)";
				TEST_HOST = "$(BUILT_PRODUCTS_DIR)/VoluteeRide.app/VoluteeRide";
			};
			name = Release;
		};
		A7D6078E1BDD866000FA0E9A /* Debug */ = {
			isa = XCBuildConfiguration;
			buildSettings = {
				INFOPLIST_FILE = VoluteeRideUITests/Info.plist;
				LD_RUNPATH_SEARCH_PATHS = "$(inherited) @executable_path/Frameworks @loader_path/Frameworks";
				PRODUCT_BUNDLE_IDENTIFIER = com.unicorn.VoluteeRideUITests;
				PRODUCT_NAME = "$(TARGET_NAME)";
				TEST_TARGET_NAME = VoluteeRide;
				USES_XCTRUNNER = YES;
			};
			name = Debug;
		};
		A7D6078F1BDD866000FA0E9A /* Release */ = {
			isa = XCBuildConfiguration;
			buildSettings = {
				INFOPLIST_FILE = VoluteeRideUITests/Info.plist;
				LD_RUNPATH_SEARCH_PATHS = "$(inherited) @executable_path/Frameworks @loader_path/Frameworks";
				PRODUCT_BUNDLE_IDENTIFIER = com.unicorn.VoluteeRideUITests;
				PRODUCT_NAME = "$(TARGET_NAME)";
				TEST_TARGET_NAME = VoluteeRide;
				USES_XCTRUNNER = YES;
			};
			name = Release;
		};
/* End XCBuildConfiguration section */

/* Begin XCConfigurationList section */
		A7D607551BDD866000FA0E9A /* Build configuration list for PBXProject "VoluteeRide" */ = {
			isa = XCConfigurationList;
			buildConfigurations = (
				A7D607851BDD866000FA0E9A /* Debug */,
				A7D607861BDD866000FA0E9A /* Release */,
			);
			defaultConfigurationIsVisible = 0;
			defaultConfigurationName = Release;
		};
		A7D607871BDD866000FA0E9A /* Build configuration list for PBXNativeTarget "VoluteeRide" */ = {
			isa = XCConfigurationList;
			buildConfigurations = (
				A7D607881BDD866000FA0E9A /* Debug */,
				A7D607891BDD866000FA0E9A /* Release */,
			);
			defaultConfigurationIsVisible = 0;
			defaultConfigurationName = Release;
		};
		A7D6078A1BDD866000FA0E9A /* Build configuration list for PBXNativeTarget "VoluteeRideTests" */ = {
			isa = XCConfigurationList;
			buildConfigurations = (
				A7D6078B1BDD866000FA0E9A /* Debug */,
				A7D6078C1BDD866000FA0E9A /* Release */,
			);
			defaultConfigurationIsVisible = 0;
			defaultConfigurationName = Release;
		};
		A7D6078D1BDD866000FA0E9A /* Build configuration list for PBXNativeTarget "VoluteeRideUITests" */ = {
			isa = XCConfigurationList;
			buildConfigurations = (
				A7D6078E1BDD866000FA0E9A /* Debug */,
				A7D6078F1BDD866000FA0E9A /* Release */,
			);
			defaultConfigurationIsVisible = 0;
			defaultConfigurationName = Release;
		};
/* End XCConfigurationList section */
	};
	rootObject = A7D607521BDD866000FA0E9A /* Project object */;
}
